# This file was autogenerated by Stack.
# You should not edit this file by hand.
# For more information, please see the documentation at:
#   https://docs.haskellstack.org/en/stable/lock_files

packages:
- completed:
    hackage: ghc-lib-parser-9.10.1.20240511@sha256:8bf3d512642fae8b38a119d0f440dc02477bed8520a5f3cd814a765505f80d76,17528
    pantry-tree:
      sha256: 1f1f9f83ac6e326fec01a46a5f3c3991d84a3d254e4ed6e0e84d84f92f12e30a
      size: 37484
  original:
    hackage: ghc-lib-parser-9.10.1.20240511
- completed:
    hackage: ghc-lib-parser-ex-9.10.0.0@sha256:957bec090fd9f51fcdc2e835aa70eff66e2b1521e1b0f8149ed74177edaee7d8,3202
    pantry-tree:
      sha256: 242f57fc1f969e60f698cb352ab3688ed8cae96e2e4617b1764ba5c906175279
      size: 2045
  original:
    hackage: ghc-lib-parser-ex-9.10.0.0
- completed:
    hackage: test-framework-0.8.2.0@sha256:d62395d54bb2a0e2fe2dacd55f55678bc87a769103cca6295ead59720f92158f,6550
    pantry-tree:
      sha256: 3977a161a7105e8b4d5685df546eb00960c660afc5a0d295794e47d33c52222d
      size: 2050
  original:
    hackage: test-framework-0.8.2.0
- completed:
    hackage: test-framework-hunit-0.3.0.2@sha256:7fd007e9cb082cd64a2213a6d36acf057f7d6df6b5343a088e81b2b3a9a23545,1487
    pantry-tree:
      sha256: 355897b03e0320296f207350f8c8aba4071b673021aef726bac27e3ad0bbb2cc
      size: 239
  original:
    hackage: test-framework-hunit-0.3.0.2
- completed:
    hackage: ansi-wl-pprint-0.6.9@sha256:fb737bc96e2aef34ad595d54ced7a73f648c521ebcb00fe0679aff45ccd49212,2448
    pantry-tree:
      sha256: ebb02b32915c04146b193949c3c48d9e8200c152f38947e8d23ca25b0997e188
      size: 472
  original:
    hackage: ansi-wl-pprint-0.6.9
- completed:
    hackage: ansi-terminal-1.0.2@sha256:1f90bb88e670ce63fbf2c9216d50857f2419582f1c6791e542c3eab97ecfd364,2897
    pantry-tree:
      sha256: d4405abe08cf99c47f2af8534346492a5679e17a19529667b3eeddad4c0f0149
      size: 1184
  original:
    hackage: ansi-terminal-1.0.2
- completed:
    hackage: ansi-terminal-types-0.11.5@sha256:f78440dfd95c4509e88855ac7cc2d9566ddf956a92c1290404cac93ad1a1b00a,1482
    pantry-tree:
      sha256: 0a03e697837c4fae43543f3be0fcf9d88157ba637fbd1b656fc8bf79b1656a14
      size: 291
  original:
    hackage: ansi-terminal-types-0.11.5
snapshots:
- completed:
    sha256: 24555e806afe039f8f2f87f156417047dd1255cf57a3fb0ff330ec78a4c02cf9
    size: 664619
    url: https://raw.githubusercontent.com/commercialhaskell/stackage-snapshots/master/nightly/2024/10/2.yaml
  original: nightly-2024-10-02
